#MicroXplorer Configuration settings - do not modify
ADC1.Channel-0\#ChannelRegularConversion=ADC_CHANNEL_6
ADC1.ContinuousConvMode=ENABLE
ADC1.DMAContinuousRequests=DISABLE
ADC1.IPParameters=Rank-0\#ChannelRegularConversion,Channel-0\#ChannelRegularConversion,SamplingTime-0\#ChannelRegularConversion,NbrOfConversionFlag,master,ContinuousConvMode,DMAContinuousRequests
ADC1.NbrOfConversionFlag=1
ADC1.Rank-0\#ChannelRegularConversion=1
ADC1.SamplingTime-0\#ChannelRegularConversion=ADC_SAMPLETIME_3CYCLES
ADC1.master=1
CAN1.ABOM=DISABLE
CAN1.BS1=CAN_BS1_9TQ
CAN1.BS2=CAN_BS2_4TQ
CAN1.CalculateTimeQuantum=71.42857142857143
CAN1.IPParameters=CalculateTimeQuantum,ABOM,Prescaler,BS1,BS2,TXFP
CAN1.Prescaler=3
CAN1.TXFP=ENABLE
CAN2.BS1=CAN_BS1_9TQ
CAN2.BS2=CAN_BS2_4TQ
CAN2.CalculateTimeQuantum=71.42857142857143
CAN2.IPParameters=CalculateTimeQuantum,Prescaler,BS2,BS1,NART,TXFP
CAN2.NART=DISABLE
CAN2.Prescaler=3
CAN2.TXFP=ENABLE
Dma.Request0=USART6_RX
Dma.Request1=USART6_TX
Dma.Request2=USART1_RX
Dma.Request3=SPI1_TX
Dma.Request4=SPI5_RX
Dma.RequestsNb=5
Dma.SPI1_TX.3.Direction=DMA_MEMORY_TO_PERIPH
Dma.SPI1_TX.3.FIFOMode=DMA_FIFOMODE_DISABLE
Dma.SPI1_TX.3.Instance=DMA2_Stream3
Dma.SPI1_TX.3.MemDataAlignment=DMA_MDATAALIGN_BYTE
Dma.SPI1_TX.3.MemInc=DMA_MINC_ENABLE
Dma.SPI1_TX.3.Mode=DMA_NORMAL
Dma.SPI1_TX.3.PeriphDataAlignment=DMA_PDATAALIGN_BYTE
Dma.SPI1_TX.3.PeriphInc=DMA_PINC_DISABLE
Dma.SPI1_TX.3.Priority=DMA_PRIORITY_HIGH
Dma.SPI1_TX.3.RequestParameters=Instance,Direction,PeriphInc,MemInc,PeriphDataAlignment,MemDataAlignment,Mode,Priority,FIFOMode
Dma.SPI5_RX.4.Direction=DMA_PERIPH_TO_MEMORY
Dma.SPI5_RX.4.FIFOMode=DMA_FIFOMODE_DISABLE
Dma.SPI5_RX.4.Instance=DMA2_Stream5
Dma.SPI5_RX.4.MemDataAlignment=DMA_MDATAALIGN_BYTE
Dma.SPI5_RX.4.MemInc=DMA_MINC_ENABLE
Dma.SPI5_RX.4.Mode=DMA_NORMAL
Dma.SPI5_RX.4.PeriphDataAlignment=DMA_PDATAALIGN_BYTE
Dma.SPI5_RX.4.PeriphInc=DMA_PINC_DISABLE
Dma.SPI5_RX.4.Priority=DMA_PRIORITY_LOW
Dma.SPI5_RX.4.RequestParameters=Instance,Direction,PeriphInc,MemInc,PeriphDataAlignment,MemDataAlignment,Mode,Priority,FIFOMode
Dma.USART1_RX.2.Direction=DMA_PERIPH_TO_MEMORY
Dma.USART1_RX.2.FIFOMode=DMA_FIFOMODE_DISABLE
Dma.USART1_RX.2.Instance=DMA2_Stream2
Dma.USART1_RX.2.MemDataAlignment=DMA_MDATAALIGN_BYTE
Dma.USART1_RX.2.MemInc=DMA_MINC_ENABLE
Dma.USART1_RX.2.Mode=DMA_CIRCULAR
Dma.USART1_RX.2.PeriphDataAlignment=DMA_PDATAALIGN_BYTE
Dma.USART1_RX.2.PeriphInc=DMA_PINC_DISABLE
Dma.USART1_RX.2.Priority=DMA_PRIORITY_HIGH
Dma.USART1_RX.2.RequestParameters=Instance,Direction,PeriphInc,MemInc,PeriphDataAlignment,MemDataAlignment,Mode,Priority,FIFOMode
Dma.USART6_RX.0.Direction=DMA_PERIPH_TO_MEMORY
Dma.USART6_RX.0.FIFOMode=DMA_FIFOMODE_DISABLE
Dma.USART6_RX.0.Instance=DMA2_Stream1
Dma.USART6_RX.0.MemDataAlignment=DMA_MDATAALIGN_BYTE
Dma.USART6_RX.0.MemInc=DMA_MINC_ENABLE
Dma.USART6_RX.0.Mode=DMA_NORMAL
Dma.USART6_RX.0.PeriphDataAlignment=DMA_PDATAALIGN_BYTE
Dma.USART6_RX.0.PeriphInc=DMA_PINC_DISABLE
Dma.USART6_RX.0.Priority=DMA_PRIORITY_LOW
Dma.USART6_RX.0.RequestParameters=Instance,Direction,PeriphInc,MemInc,PeriphDataAlignment,MemDataAlignment,Mode,Priority,FIFOMode
Dma.USART6_TX.1.Direction=DMA_MEMORY_TO_PERIPH
Dma.USART6_TX.1.FIFOMode=DMA_FIFOMODE_DISABLE
Dma.USART6_TX.1.Instance=DMA2_Stream7
Dma.USART6_TX.1.MemDataAlignment=DMA_MDATAALIGN_BYTE
Dma.USART6_TX.1.MemInc=DMA_MINC_ENABLE
Dma.USART6_TX.1.Mode=DMA_NORMAL
Dma.USART6_TX.1.PeriphDataAlignment=DMA_PDATAALIGN_BYTE
Dma.USART6_TX.1.PeriphInc=DMA_PINC_DISABLE
Dma.USART6_TX.1.Priority=DMA_PRIORITY_LOW
Dma.USART6_TX.1.RequestParameters=Instance,Direction,PeriphInc,MemInc,PeriphDataAlignment,MemDataAlignment,Mode,Priority,FIFOMode
FREERTOS.INCLUDE_pcTaskGetTaskName=1
FREERTOS.INCLUDE_vTaskCleanUpResources=1
FREERTOS.INCLUDE_vTaskDelayUntil=1
FREERTOS.INCLUDE_vTaskDelete=1
FREERTOS.INCLUDE_xEventGroupSetBitFromISR=1
FREERTOS.INCLUDE_xSemaphoreGetMutexHolder=1
FREERTOS.INCLUDE_xTaskAbortDelay=1
FREERTOS.INCLUDE_xTaskGetCurrentTaskHandle=1
FREERTOS.INCLUDE_xTaskGetHandle=1
FREERTOS.IPParameters=Tasks01,INCLUDE_vTaskDelete,configUSE_TIMERS,INCLUDE_vTaskDelayUntil,configENABLE_BACKWARD_COMPATIBILITY,INCLUDE_vTaskCleanUpResources,INCLUDE_pcTaskGetTaskName,INCLUDE_xTaskGetCurrentTaskHandle,INCLUDE_xEventGroupSetBitFromISR,INCLUDE_xTaskAbortDelay,INCLUDE_xTaskGetHandle,INCLUDE_xSemaphoreGetMutexHolder
FREERTOS.Tasks01=TaskInit,24,128,task_init,Default,NULL,Dynamic,NULL,NULL
FREERTOS.configENABLE_BACKWARD_COMPATIBILITY=0
FREERTOS.configUSE_TIMERS=0
File.Version=6
KeepUserPlacement=false
Mcu.Family=STM32F4
Mcu.IP0=ADC1
Mcu.IP1=CAN1
Mcu.IP10=SDIO
Mcu.IP11=SPI1
Mcu.IP12=SPI5
Mcu.IP13=SYS
Mcu.IP14=TIM1
Mcu.IP15=TIM2
Mcu.IP16=TIM3
Mcu.IP17=TIM4
Mcu.IP18=TIM5
Mcu.IP19=TIM8
Mcu.IP2=CAN2
Mcu.IP20=TIM12
Mcu.IP21=UART7
Mcu.IP22=UART8
Mcu.IP23=USART1
Mcu.IP24=USART2
Mcu.IP25=USART3
Mcu.IP26=USART6
Mcu.IP27=USB_DEVICE
Mcu.IP28=USB_OTG_FS
Mcu.IP3=CRC
Mcu.IP4=DMA
Mcu.IP5=FREERTOS
Mcu.IP6=NVIC
Mcu.IP7=RCC
Mcu.IP8=RNG
Mcu.IP9=RTC
Mcu.IPNb=29
Mcu.Name=STM32F427I(G-I)Hx
Mcu.Package=UFBGA176
Mcu.Pin0=PE3
Mcu.Pin1=PE2
Mcu.Pin10=PC12
Mcu.Pin11=PA14
Mcu.Pin12=PA13
Mcu.Pin13=PB9
Mcu.Pin14=PB7
Mcu.Pin15=PB6
Mcu.Pin16=PD6
Mcu.Pin17=PD0
Mcu.Pin18=PC11
Mcu.Pin19=PC10
Mcu.Pin2=PE1
Mcu.Pin20=PA12
Mcu.Pin21=PI7
Mcu.Pin22=PI6
Mcu.Pin23=PI5
Mcu.Pin24=PG9
Mcu.Pin25=PD5
Mcu.Pin26=PD1
Mcu.Pin27=PI2
Mcu.Pin28=PA11
Mcu.Pin29=PD2
Mcu.Pin3=PE0
Mcu.Pin30=PA10
Mcu.Pin31=PI0
Mcu.Pin32=PA9
Mcu.Pin33=PH2
Mcu.Pin34=PC9
Mcu.Pin35=PA8
Mcu.Pin36=PH0/OSC_IN
Mcu.Pin37=PH3
Mcu.Pin38=PC8
Mcu.Pin39=PH1/OSC_OUT
Mcu.Pin4=PB8
Mcu.Pin40=PH4
Mcu.Pin41=PG8
Mcu.Pin42=PH5
Mcu.Pin43=PG7
Mcu.Pin44=PG6
Mcu.Pin45=PF7
Mcu.Pin46=PF6
Mcu.Pin47=PH12
Mcu.Pin48=PG5
Mcu.Pin49=PG4
Mcu.Pin5=PB5
Mcu.Pin50=PG3
Mcu.Pin51=PF9
Mcu.Pin52=PF8
Mcu.Pin53=PH11
Mcu.Pin54=PH10
Mcu.Pin55=PD15
Mcu.Pin56=PG2
Mcu.Pin57=PB2/BOOT1
Mcu.Pin58=PG1
Mcu.Pin59=PH6
Mcu.Pin6=PG14
Mcu.Pin60=PD14
Mcu.Pin61=PD13
Mcu.Pin62=PA1
Mcu.Pin63=PA0/WKUP
Mcu.Pin64=PD12
Mcu.Pin65=PA2
Mcu.Pin66=PA6
Mcu.Pin67=PE8
Mcu.Pin68=PE11
Mcu.Pin69=PE14
Mcu.Pin7=PG13
Mcu.Pin70=PB12
Mcu.Pin71=PB13
Mcu.Pin72=PD9
Mcu.Pin73=PD8
Mcu.Pin74=PA3
Mcu.Pin75=PA7
Mcu.Pin76=PB1
Mcu.Pin77=PB0
Mcu.Pin78=PF14
Mcu.Pin79=PE7
Mcu.Pin8=PB4
Mcu.Pin80=PE15
Mcu.Pin81=PB10
Mcu.Pin82=VP_ADC1_TempSens_Input
Mcu.Pin83=VP_ADC1_Vref_Input
Mcu.Pin84=VP_CRC_VS_CRC
Mcu.Pin85=VP_FREERTOS_VS_CMSIS_V2
Mcu.Pin86=VP_RNG_VS_RNG
Mcu.Pin87=VP_RTC_VS_RTC_Activate
Mcu.Pin88=VP_SYS_VS_tim6
Mcu.Pin89=VP_TIM1_VS_ClockSourceINT
Mcu.Pin9=PB3
Mcu.Pin90=VP_TIM2_VS_ClockSourceINT
Mcu.Pin91=VP_TIM3_VS_ClockSourceINT
Mcu.Pin92=VP_TIM4_VS_ClockSourceINT
Mcu.Pin93=VP_TIM5_VS_ClockSourceINT
Mcu.Pin94=VP_TIM8_VS_ClockSourceINT
Mcu.Pin95=VP_TIM12_VS_ClockSourceINT
Mcu.Pin96=VP_USB_DEVICE_VS_USB_DEVICE_CDC_FS
Mcu.PinsNb=97
Mcu.ThirdPartyNb=0
Mcu.UserConstants=APB2_TIMER_CLOCKS,168000000;APB1_TIMER_CLOCKS,84000000;PWM_RESOLUTION,10000;PWM_FREQUENCE,50;PWM_DEFAULT_DUTY,5000;TIM_PSC_APB1,((APB1_TIMER_CLOCKS/PWM_FREQUENCE)/PWM_RESOLUTION -1);TIM_PSC_APB2,((APB2_TIMER_CLOCKS/PWM_FREQUENCE)/PWM_RESOLUTION -1);BUZZER_FREQUENCE,2731;BUZZER_TIM_PSC_APB2,((APB2_TIMER_CLOCKS/BUZZER_FREQUENCE)/PWM_RESOLUTION -1)
Mcu.UserName=STM32F427IIHx
MxCube.Version=5.4.0
MxDb.Version=DB.5.0.40
NVIC.BusFault_IRQn=true\:0\:0\:false\:false\:true\:false\:false\:false
NVIC.CAN1_RX0_IRQn=true\:5\:0\:false\:false\:true\:true\:true\:false
NVIC.CAN1_RX1_IRQn=true\:5\:0\:false\:false\:true\:true\:true\:false
NVIC.CAN1_TX_IRQn=true\:5\:0\:false\:false\:true\:true\:true\:false
NVIC.CAN2_RX0_IRQn=true\:5\:0\:false\:false\:true\:true\:true\:false
NVIC.CAN2_RX1_IRQn=true\:5\:0\:false\:false\:true\:true\:true\:false
NVIC.CAN2_TX_IRQn=true\:5\:0\:false\:false\:true\:true\:true\:false
NVIC.DMA2_Stream1_IRQn=true\:5\:0\:false\:false\:true\:true\:false\:false
NVIC.DMA2_Stream2_IRQn=true\:5\:0\:false\:false\:true\:true\:false\:false
NVIC.DMA2_Stream3_IRQn=true\:5\:0\:false\:false\:true\:true\:false\:false
NVIC.DMA2_Stream5_IRQn=true\:5\:0\:false\:false\:true\:true\:false\:false
NVIC.DMA2_Stream7_IRQn=true\:5\:0\:false\:false\:true\:true\:false\:false
NVIC.DebugMonitor_IRQn=true\:0\:0\:false\:false\:true\:false\:false\:false
NVIC.ForceEnableDMAVector=true
NVIC.HardFault_IRQn=true\:0\:0\:false\:false\:true\:false\:false\:false
NVIC.MemoryManagement_IRQn=true\:0\:0\:false\:false\:true\:false\:false\:false
NVIC.NonMaskableInt_IRQn=true\:0\:0\:false\:false\:true\:false\:false\:false
NVIC.OTG_FS_IRQn=true\:5\:0\:false\:false\:true\:true\:false\:true
NVIC.PendSV_IRQn=true\:15\:0\:false\:false\:false\:true\:false\:false
NVIC.PriorityGroup=NVIC_PRIORITYGROUP_4
NVIC.SDIO_IRQn=true\:5\:0\:false\:false\:true\:true\:true\:false
NVIC.SVCall_IRQn=true\:0\:0\:false\:false\:false\:false\:false\:false
NVIC.SysTick_IRQn=true\:15\:0\:false\:false\:false\:true\:false\:false
NVIC.TIM6_DAC_IRQn=true\:0\:0\:false\:false\:true\:false\:false\:false
NVIC.TimeBase=TIM6_DAC_IRQn
NVIC.TimeBaseIP=TIM6
NVIC.USART6_IRQn=true\:5\:0\:false\:false\:true\:true\:true\:false
NVIC.UsageFault_IRQn=true\:0\:0\:false\:false\:true\:false\:false\:false
PA0/WKUP.Locked=true
PA0/WKUP.Signal=S_TIM2_CH1_ETR
PA1.Locked=true
PA1.Signal=S_TIM2_CH2
PA10.Signal=S_TIM1_CH3
PA11.Mode=Device_Only
PA11.Signal=USB_OTG_FS_DM
PA12.Mode=Device_Only
PA12.Signal=USB_OTG_FS_DP
PA13.Mode=Serial_Wire
PA13.Signal=SYS_JTMS-SWDIO
PA14.Mode=Serial_Wire
PA14.Signal=SYS_JTCK-SWCLK
PA2.Signal=S_TIM2_CH3
PA3.Signal=S_TIM2_CH4
PA6.GPIOParameters=GPIO_Label
PA6.GPIO_Label=BUTTON_AD
PA6.Signal=ADCx_IN6
PA7.Locked=true
PA7.Mode=TX_Only_Simplex_Unidirect_Master
PA7.Signal=SPI1_MOSI
PA8.Signal=S_TIM1_CH1
PA9.Signal=S_TIM1_CH2
PB0.Signal=S_TIM3_CH3
PB1.Signal=S_TIM3_CH4
PB10.GPIOParameters=PinState,GPIO_Label
PB10.GPIO_Label=OLED_RST
PB10.Locked=true
PB10.PinState=GPIO_PIN_SET
PB10.Signal=GPIO_Output
PB12.Mode=Slave
PB12.Signal=CAN2_RX
PB13.Mode=Slave
PB13.Signal=CAN2_TX
PB2/BOOT1.GPIOParameters=GPIO_PuPd,GPIO_Label,GPIO_Mode
PB2/BOOT1.GPIO_Label=USER_KEY
PB2/BOOT1.GPIO_Mode=GPIO_MODE_INPUT
PB2/BOOT1.GPIO_PuPd=GPIO_PULLUP
PB2/BOOT1.Locked=true
PB2/BOOT1.Signal=GPIO_Input
PB3.Locked=true
PB3.Mode=TX_Only_Simplex_Unidirect_Master
PB3.Signal=SPI1_SCK
PB4.Signal=S_TIM3_CH1
PB5.GPIOParameters=GPIO_Speed,GPIO_Label
PB5.GPIO_Label=HEAT_PWM
PB5.GPIO_Speed=GPIO_SPEED_FREQ_VERY_HIGH
PB5.Locked=true
PB5.Signal=S_TIM3_CH2
PB6.Mode=Asynchronous
PB6.Signal=USART1_TX
PB7.Locked=true
PB7.Mode=Asynchronous
PB7.Signal=USART1_RX
PB8.GPIOParameters=GPIO_Label
PB8.GPIO_Label=IMU_INT
PB8.Locked=true
PB8.Signal=GPXTI8
PB9.GPIOParameters=GPIO_Label
PB9.GPIO_Label=OLED_DC
PB9.Locked=true
PB9.Signal=GPIO_Output
PC10.Mode=SD_4_bits_Wide_bus
PC10.Signal=SDIO_D2
PC11.Mode=SD_4_bits_Wide_bus
PC11.Signal=SDIO_D3
PC12.Mode=SD_4_bits_Wide_bus
PC12.Signal=SDIO_CK
PC8.Mode=SD_4_bits_Wide_bus
PC8.Signal=SDIO_D0
PC9.Mode=SD_4_bits_Wide_bus
PC9.Signal=SDIO_D1
PCC.Checker=false
PCC.Line=STM32F427/437
PCC.MCU=STM32F427I(G-I)Hx
PCC.PartNumber=STM32F427IIHx
PCC.Seq0=0
PCC.Series=STM32F4
PCC.Temperature=25
PCC.Vdd=3.3
PD0.Locked=true
PD0.Mode=Master
PD0.Signal=CAN1_RX
PD1.Locked=true
PD1.Mode=Master
PD1.Signal=CAN1_TX
PD12.Signal=S_TIM4_CH1
PD13.Signal=S_TIM4_CH2
PD14.Locked=true
PD14.Signal=S_TIM4_CH3
PD15.Signal=S_TIM4_CH4
PD2.Mode=SD_4_bits_Wide_bus
PD2.Signal=SDIO_CMD
PD5.Mode=Asynchronous
PD5.Signal=USART2_TX
PD6.Mode=Asynchronous
PD6.Signal=USART2_RX
PD8.Mode=Asynchronous
PD8.Signal=USART3_TX
PD9.Mode=Asynchronous
PD9.Signal=USART3_RX
PE0.Mode=Asynchronous
PE0.Signal=UART8_RX
PE1.Mode=Asynchronous
PE1.Signal=UART8_TX
PE11.GPIOParameters=PinState,GPIO_Label
PE11.GPIO_Label=LED_RED
PE11.Locked=true
PE11.PinState=GPIO_PIN_SET
PE11.Signal=GPIO_Output
PE14.Signal=S_TIM1_CH4
PE15.GPIOParameters=GPIO_Label
PE15.GPIO_Label=SD_EXTI
PE15.Locked=true
PE15.Signal=GPIO_Input
PE2.GPIOParameters=PinState,GPIO_Label
PE2.GPIO_Label=CMPS_RST
PE2.Locked=true
PE2.PinState=GPIO_PIN_SET
PE2.Signal=GPIO_Output
PE3.GPIOParameters=GPIO_Label
PE3.GPIO_Label=CMPS_INT
PE3.Locked=true
PE3.Signal=GPXTI3
PE7.Mode=Asynchronous
PE7.Signal=UART7_RX
PE8.Mode=Asynchronous
PE8.Signal=UART7_TX
PF14.GPIOParameters=PinState,GPIO_Label
PF14.GPIO_Label=LED_GRN
PF14.Locked=true
PF14.PinState=GPIO_PIN_SET
PF14.Signal=GPIO_Output
PF6.GPIOParameters=GPIO_Speed,PinState,GPIO_Label
PF6.GPIO_Label=SPI5_NSS
PF6.GPIO_Speed=GPIO_SPEED_FREQ_LOW
PF6.Locked=true
PF6.PinState=GPIO_PIN_SET
PF6.Signal=GPIO_Output
PF7.Mode=Full_Duplex_Master
PF7.Signal=SPI5_SCK
PF8.Mode=Full_Duplex_Master
PF8.Signal=SPI5_MISO
PF9.Mode=Full_Duplex_Master
PF9.Signal=SPI5_MOSI
PG1.GPIOParameters=PinState,GPIO_Label
PG1.GPIO_Label=LED1
PG1.Locked=true
PG1.PinState=GPIO_PIN_SET
PG1.Signal=GPIO_Output
PG13.GPIOParameters=GPIO_Label
PG13.GPIO_Label=LASER
PG13.Locked=true
PG13.Signal=GPIO_Output
PG14.Mode=Asynchronous
PG14.Signal=USART6_TX
PG2.GPIOParameters=PinState,GPIO_Label
PG2.GPIO_Label=LED2
PG2.Locked=true
PG2.PinState=GPIO_PIN_SET
PG2.Signal=GPIO_Output
PG3.GPIOParameters=PinState,GPIO_Label
PG3.GPIO_Label=LED3
PG3.Locked=true
PG3.PinState=GPIO_PIN_SET
PG3.Signal=GPIO_Output
PG4.GPIOParameters=PinState,GPIO_Label
PG4.GPIO_Label=LED4
PG4.Locked=true
PG4.PinState=GPIO_PIN_SET
PG4.Signal=GPIO_Output
PG5.GPIOParameters=PinState,GPIO_Label
PG5.GPIO_Label=LED5
PG5.Locked=true
PG5.PinState=GPIO_PIN_SET
PG5.Signal=GPIO_Output
PG6.GPIOParameters=PinState,GPIO_Label
PG6.GPIO_Label=LED6
PG6.Locked=true
PG6.PinState=GPIO_PIN_SET
PG6.Signal=GPIO_Output
PG7.GPIOParameters=PinState,GPIO_Label
PG7.GPIO_Label=LED7
PG7.Locked=true
PG7.PinState=GPIO_PIN_SET
PG7.Signal=GPIO_Output
PG8.GPIOParameters=PinState,GPIO_Label
PG8.GPIO_Label=LED8
PG8.Locked=true
PG8.PinState=GPIO_PIN_SET
PG8.Signal=GPIO_Output
PG9.Mode=Asynchronous
PG9.Signal=USART6_RX
PH0/OSC_IN.Mode=HSE-External-Oscillator
PH0/OSC_IN.Signal=RCC_OSC_IN
PH1/OSC_OUT.Mode=HSE-External-Oscillator
PH1/OSC_OUT.Signal=RCC_OSC_OUT
PH10.Signal=S_TIM5_CH1
PH11.Signal=S_TIM5_CH2
PH12.Signal=S_TIM5_CH3
PH2.GPIOParameters=GPIO_Label
PH2.GPIO_Label=POWER1_CTRL
PH2.Locked=true
PH2.Signal=GPIO_Output
PH3.GPIOParameters=GPIO_Label
PH3.GPIO_Label=POWER2_CTRL
PH3.Locked=true
PH3.Signal=GPIO_Output
PH4.GPIOParameters=GPIO_Label
PH4.GPIO_Label=POWER3_CTRL
PH4.Locked=true
PH4.Signal=GPIO_Output
PH5.GPIOParameters=GPIO_Label
PH5.GPIO_Label=POWER4_CTRL
PH5.Locked=true
PH5.Signal=GPIO_Output
PH6.GPIOParameters=GPIO_Label
PH6.GPIO_Label=BUZZER
PH6.Signal=S_TIM12_CH1
PI0.Locked=true
PI0.Signal=S_TIM5_CH4
PI2.Locked=true
PI2.Signal=S_TIM8_CH4
PI5.Locked=true
PI5.Signal=S_TIM8_CH1
PI6.Locked=true
PI6.Signal=S_TIM8_CH2
PI7.Locked=true
PI7.Signal=S_TIM8_CH3
PinOutPanel.CurrentBGAView=Top
PinOutPanel.RotationAngle=0
ProjectManager.AskForMigrate=true
ProjectManager.BackupPrevious=false
ProjectManager.CompilerOptimize=6
ProjectManager.ComputerToolchain=false
ProjectManager.CoupleFile=true
ProjectManager.CustomerFirmwarePackage=
ProjectManager.DefaultFWLocation=true
ProjectManager.DeletePrevious=true
ProjectManager.DeviceId=STM32F427IIHx
ProjectManager.FirmwarePackage=STM32Cube FW_F4 V1.24.2
ProjectManager.FreePins=false
ProjectManager.HalAssertFull=true
ProjectManager.HeapSize=0x2000
ProjectManager.KeepUserCode=true
ProjectManager.LastFirmware=true
ProjectManager.LibraryCopy=0
ProjectManager.MainLocation=Core/Src
ProjectManager.NoMain=false
ProjectManager.PreviousToolchain=
ProjectManager.ProjectBuild=false
ProjectManager.ProjectFileName=DevA.ioc
ProjectManager.ProjectName=DevA
ProjectManager.StackSize=0x2000
ProjectManager.TargetToolchain=MDK-ARM V5.27
ProjectManager.ToolChainLocation=
ProjectManager.UnderRoot=false
ProjectManager.functionlistsort=1-MX_GPIO_Init-GPIO-false-HAL-true,2-MX_DMA_Init-DMA-false-HAL-true,3-SystemClock_Config-RCC-false-HAL-false,4-MX_CAN1_Init-CAN1-false-HAL-true,5-MX_SDIO_SD_Init-SDIO-false-HAL-true,6-MX_SPI1_Init-SPI1-false-HAL-true,7-MX_ADC1_Init-ADC1-false-HAL-true,8-MX_USART6_UART_Init-USART6-false-HAL-true,9-MX_SPI5_Init-SPI5-false-HAL-true,10-MX_TIM2_Init-TIM2-false-HAL-true,11-MX_TIM3_Init-TIM3-false-HAL-true,12-MX_TIM12_Init-TIM12-false-HAL-true,13-MX_USART2_UART_Init-USART2-false-HAL-true,14-MX_TIM8_Init-TIM8-false-HAL-true,15-MX_TIM5_Init-TIM5-false-HAL-true,16-MX_USART3_UART_Init-USART3-false-HAL-true,17-MX_UART8_Init-UART8-false-HAL-true,18-MX_UART7_Init-UART7-false-HAL-true,19-MX_USART1_UART_Init-USART1-false-HAL-true,20-MX_TIM4_Init-TIM4-false-HAL-true,21-MX_TIM1_Init-TIM1-false-HAL-true,22-MX_CAN2_Init-CAN2-false-HAL-true,23-MX_RNG_Init-RNG-false-HAL-true,24-MX_CRC_Init-CRC-false-HAL-true,25-MX_RTC_Init-RTC-false-HAL-true,26-MX_USB_DEVICE_Init-USB_DEVICE-false-HAL-false
RCC.48MHZClocksFreq_Value=48000000
RCC.AHBFreq_Value=168000000
RCC.APB1CLKDivider=RCC_HCLK_DIV4
RCC.APB1Freq_Value=42000000
RCC.APB1TimFreq_Value=84000000
RCC.APB2CLKDivider=RCC_HCLK_DIV2
RCC.APB2Freq_Value=84000000
RCC.APB2TimFreq_Value=168000000
RCC.CortexFreq_Value=168000000
RCC.EthernetFreq_Value=168000000
RCC.FCLKCortexFreq_Value=168000000
RCC.FamilyName=M
RCC.HCLKFreq_Value=168000000
RCC.HSE_VALUE=12000000
RCC.HSI_VALUE=16000000
RCC.I2SClocksFreq_Value=192000000
RCC.IPParameters=48MHZClocksFreq_Value,AHBFreq_Value,APB1CLKDivider,APB1Freq_Value,APB1TimFreq_Value,APB2CLKDivider,APB2Freq_Value,APB2TimFreq_Value,CortexFreq_Value,EthernetFreq_Value,FCLKCortexFreq_Value,FamilyName,HCLKFreq_Value,HSE_VALUE,HSI_VALUE,I2SClocksFreq_Value,LSE_VALUE,LSI_VALUE,MCO2PinFreq_Value,PLLCLKFreq_Value,PLLM,PLLN,PLLQ,PLLQCLKFreq_Value,RTCFreq_Value,RTCHSEDivFreq_Value,SAI_AClocksFreq_Value,SAI_BClocksFreq_Value,SYSCLKFreq_VALUE,SYSCLKSource,VCOI2SOutputFreq_Value,VCOInputFreq_Value,VCOOutputFreq_Value,VCOSAIOutputFreq_Value,VCOSAIOutputFreq_ValueQ,VcooutputI2S,VcooutputI2SQ
RCC.LSE_VALUE=32768
RCC.LSI_VALUE=32000
RCC.MCO2PinFreq_Value=168000000
RCC.PLLCLKFreq_Value=168000000
RCC.PLLM=6
RCC.PLLN=168
RCC.PLLQ=7
RCC.PLLQCLKFreq_Value=48000000
RCC.RTCFreq_Value=32000
RCC.RTCHSEDivFreq_Value=6000000
RCC.SAI_AClocksFreq_Value=24500000
RCC.SAI_BClocksFreq_Value=24500000
RCC.SYSCLKFreq_VALUE=168000000
RCC.SYSCLKSource=RCC_SYSCLKSOURCE_PLLCLK
RCC.VCOI2SOutputFreq_Value=384000000
RCC.VCOInputFreq_Value=2000000
RCC.VCOOutputFreq_Value=336000000
RCC.VCOSAIOutputFreq_Value=98000000
RCC.VCOSAIOutputFreq_ValueQ=24500000
RCC.VcooutputI2S=192000000
RCC.VcooutputI2SQ=192000000
SH.ADCx_IN6.0=ADC1_IN6,IN6
SH.ADCx_IN6.ConfNb=1
SH.GPXTI3.0=GPIO_EXTI3
SH.GPXTI3.ConfNb=1
SH.GPXTI8.0=GPIO_EXTI8
SH.GPXTI8.ConfNb=1
SH.S_TIM12_CH1.0=TIM12_CH1,PWM Generation1 CH1
SH.S_TIM12_CH1.ConfNb=1
SH.S_TIM1_CH1.0=TIM1_CH1,PWM Generation1 CH1
SH.S_TIM1_CH1.ConfNb=1
SH.S_TIM1_CH2.0=TIM1_CH2,PWM Generation2 CH2
SH.S_TIM1_CH2.ConfNb=1
SH.S_TIM1_CH3.0=TIM1_CH3,PWM Generation3 CH3
SH.S_TIM1_CH3.ConfNb=1
SH.S_TIM1_CH4.0=TIM1_CH4,PWM Generation4 CH4
SH.S_TIM1_CH4.ConfNb=1
SH.S_TIM2_CH1_ETR.0=TIM2_CH1,PWM Generation1 CH1
SH.S_TIM2_CH1_ETR.ConfNb=1
SH.S_TIM2_CH2.0=TIM2_CH2,PWM Generation2 CH2
SH.S_TIM2_CH2.ConfNb=1
SH.S_TIM2_CH3.0=TIM2_CH3,PWM Generation3 CH3
SH.S_TIM2_CH3.ConfNb=1
SH.S_TIM2_CH4.0=TIM2_CH4,PWM Generation4 CH4
SH.S_TIM2_CH4.ConfNb=1
SH.S_TIM3_CH1.0=TIM3_CH1,PWM Generation1 CH1
SH.S_TIM3_CH1.ConfNb=1
SH.S_TIM3_CH2.0=TIM3_CH2,PWM Generation2 CH2
SH.S_TIM3_CH2.ConfNb=1
SH.S_TIM3_CH3.0=TIM3_CH3,PWM Generation3 CH3
SH.S_TIM3_CH3.ConfNb=1
SH.S_TIM3_CH4.0=TIM3_CH4,PWM Generation4 CH4
SH.S_TIM3_CH4.ConfNb=1
SH.S_TIM4_CH1.0=TIM4_CH1,PWM Generation1 CH1
SH.S_TIM4_CH1.ConfNb=1
SH.S_TIM4_CH2.0=TIM4_CH2,PWM Generation2 CH2
SH.S_TIM4_CH2.ConfNb=1
SH.S_TIM4_CH3.0=TIM4_CH3,PWM Generation3 CH3
SH.S_TIM4_CH3.ConfNb=1
SH.S_TIM4_CH4.0=TIM4_CH4,PWM Generation4 CH4
SH.S_TIM4_CH4.ConfNb=1
SH.S_TIM5_CH1.0=TIM5_CH1,PWM Generation1 CH1
SH.S_TIM5_CH1.ConfNb=1
SH.S_TIM5_CH2.0=TIM5_CH2,PWM Generation2 CH2
SH.S_TIM5_CH2.ConfNb=1
SH.S_TIM5_CH3.0=TIM5_CH3,PWM Generation3 CH3
SH.S_TIM5_CH3.ConfNb=1
SH.S_TIM5_CH4.0=TIM5_CH4,PWM Generation4 CH4
SH.S_TIM5_CH4.ConfNb=1
SH.S_TIM8_CH1.0=TIM8_CH1,PWM Generation1 CH1
SH.S_TIM8_CH1.ConfNb=1
SH.S_TIM8_CH2.0=TIM8_CH2,PWM Generation2 CH2
SH.S_TIM8_CH2.ConfNb=1
SH.S_TIM8_CH3.0=TIM8_CH3,PWM Generation3 CH3
SH.S_TIM8_CH3.ConfNb=1
SH.S_TIM8_CH4.0=TIM8_CH4,PWM Generation4 CH4
SH.S_TIM8_CH4.ConfNb=1
SPI1.BaudRatePrescaler=SPI_BAUDRATEPRESCALER_64
SPI1.CalculateBaudRate=1.3125 MBits/s
SPI1.Direction=SPI_DIRECTION_2LINES
SPI1.IPParameters=VirtualType,Mode,Direction,CalculateBaudRate,BaudRatePrescaler
SPI1.Mode=SPI_MODE_MASTER
SPI1.VirtualType=VM_MASTER
SPI5.BaudRatePrescaler=SPI_BAUDRATEPRESCALER_128
SPI5.CalculateBaudRate=656.25 KBits/s
SPI5.Direction=SPI_DIRECTION_2LINES
SPI5.IPParameters=VirtualType,Mode,Direction,CalculateBaudRate,BaudRatePrescaler
SPI5.Mode=SPI_MODE_MASTER
SPI5.VirtualType=VM_MASTER
TIM1.Channel-PWM\ Generation1\ CH1=TIM_CHANNEL_1
TIM1.Channel-PWM\ Generation2\ CH2=TIM_CHANNEL_2
TIM1.Channel-PWM\ Generation3\ CH3=TIM_CHANNEL_3
TIM1.Channel-PWM\ Generation4\ CH4=TIM_CHANNEL_4
TIM1.IPParameters=Channel-PWM Generation1 CH1,Channel-PWM Generation2 CH2,Channel-PWM Generation3 CH3,Channel-PWM Generation4 CH4,Prescaler,Period,Pulse-PWM Generation1 CH1,Pulse-PWM Generation2 CH2,Pulse-PWM Generation3 CH3,Pulse-PWM Generation4 CH4
TIM1.Period=PWM_RESOLUTION-1
TIM1.Prescaler=TIM_PSC_APB1
TIM1.Pulse-PWM\ Generation1\ CH1=PWM_DEFAULT_DUTY
TIM1.Pulse-PWM\ Generation2\ CH2=PWM_DEFAULT_DUTY
TIM1.Pulse-PWM\ Generation3\ CH3=PWM_DEFAULT_DUTY
TIM1.Pulse-PWM\ Generation4\ CH4=PWM_DEFAULT_DUTY
TIM12.Channel-PWM\ Generation1\ CH1=TIM_CHANNEL_1
TIM12.IPParameters=Channel-PWM Generation1 CH1,Prescaler,Period,Pulse-PWM Generation1 CH1,OCMode_PWM-PWM Generation1 CH1
TIM12.OCMode_PWM-PWM\ Generation1\ CH1=TIM_OCMODE_PWM1
TIM12.Period=PWM_RESOLUTION-1
TIM12.Prescaler=TIM_PSC_APB2
TIM12.Pulse-PWM\ Generation1\ CH1=PWM_DEFAULT_DUTY
TIM2.Channel-PWM\ Generation1\ CH1=TIM_CHANNEL_1
TIM2.Channel-PWM\ Generation2\ CH2=TIM_CHANNEL_2
TIM2.Channel-PWM\ Generation3\ CH3=TIM_CHANNEL_3
TIM2.Channel-PWM\ Generation4\ CH4=TIM_CHANNEL_4
TIM2.IPParameters=Channel-PWM Generation1 CH1,Channel-PWM Generation2 CH2,Channel-PWM Generation3 CH3,Channel-PWM Generation4 CH4,Prescaler,Period,Pulse-PWM Generation1 CH1,Pulse-PWM Generation2 CH2,Pulse-PWM Generation3 CH3,Pulse-PWM Generation4 CH4
TIM2.Period=PWM_RESOLUTION-1
TIM2.Prescaler=TIM_PSC_APB1
TIM2.Pulse-PWM\ Generation1\ CH1=PWM_DEFAULT_DUTY
TIM2.Pulse-PWM\ Generation2\ CH2=PWM_DEFAULT_DUTY
TIM2.Pulse-PWM\ Generation3\ CH3=PWM_DEFAULT_DUTY
TIM2.Pulse-PWM\ Generation4\ CH4=PWM_DEFAULT_DUTY
TIM3.Channel-PWM\ Generation1\ CH1=TIM_CHANNEL_1
TIM3.Channel-PWM\ Generation2\ CH2=TIM_CHANNEL_2
TIM3.Channel-PWM\ Generation3\ CH3=TIM_CHANNEL_3
TIM3.Channel-PWM\ Generation4\ CH4=TIM_CHANNEL_4
TIM3.IPParameters=Channel-PWM Generation2 CH2,Prescaler,Period,Pulse-PWM Generation2 CH2,Channel-PWM Generation1 CH1,Channel-PWM Generation3 CH3,Channel-PWM Generation4 CH4,Pulse-PWM Generation1 CH1,Pulse-PWM Generation3 CH3,Pulse-PWM Generation4 CH4
TIM3.Period=PWM_RESOLUTION-1
TIM3.Prescaler=TIM_PSC_APB1
TIM3.Pulse-PWM\ Generation1\ CH1=PWM_DEFAULT_DUTY
TIM3.Pulse-PWM\ Generation2\ CH2=PWM_DEFAULT_DUTY
TIM3.Pulse-PWM\ Generation3\ CH3=PWM_DEFAULT_DUTY
TIM3.Pulse-PWM\ Generation4\ CH4=PWM_DEFAULT_DUTY
TIM4.Channel-PWM\ Generation1\ CH1=TIM_CHANNEL_1
TIM4.Channel-PWM\ Generation2\ CH2=TIM_CHANNEL_2
TIM4.Channel-PWM\ Generation3\ CH3=TIM_CHANNEL_3
TIM4.Channel-PWM\ Generation4\ CH4=TIM_CHANNEL_4
TIM4.IPParameters=Channel-PWM Generation4 CH4,Channel-PWM Generation3 CH3,Channel-PWM Generation2 CH2,Channel-PWM Generation1 CH1,Prescaler,Period,Pulse-PWM Generation4 CH4,Pulse-PWM Generation3 CH3,Pulse-PWM Generation2 CH2,Pulse-PWM Generation1 CH1
TIM4.Period=PWM_RESOLUTION-1
TIM4.Prescaler=TIM_PSC_APB1
TIM4.Pulse-PWM\ Generation1\ CH1=PWM_DEFAULT_DUTY
TIM4.Pulse-PWM\ Generation2\ CH2=PWM_DEFAULT_DUTY
TIM4.Pulse-PWM\ Generation3\ CH3=PWM_DEFAULT_DUTY
TIM4.Pulse-PWM\ Generation4\ CH4=PWM_DEFAULT_DUTY
TIM5.Channel-PWM\ Generation1\ CH1=TIM_CHANNEL_1
TIM5.Channel-PWM\ Generation2\ CH2=TIM_CHANNEL_2
TIM5.Channel-PWM\ Generation3\ CH3=TIM_CHANNEL_3
TIM5.Channel-PWM\ Generation4\ CH4=TIM_CHANNEL_4
TIM5.IPParameters=Channel-PWM Generation4 CH4,Channel-PWM Generation2 CH2,Channel-PWM Generation3 CH3,Prescaler,Period,Pulse-PWM Generation2 CH2,Pulse-PWM Generation3 CH3,Pulse-PWM Generation4 CH4,Channel-PWM Generation1 CH1
TIM5.Period=PWM_RESOLUTION-1
TIM5.Prescaler=TIM_PSC_APB1
TIM5.Pulse-PWM\ Generation2\ CH2=PWM_DEFAULT_DUTY
TIM5.Pulse-PWM\ Generation3\ CH3=PWM_DEFAULT_DUTY
TIM5.Pulse-PWM\ Generation4\ CH4=PWM_DEFAULT_DUTY
TIM8.Channel-PWM\ Generation1\ CH1=TIM_CHANNEL_1
TIM8.Channel-PWM\ Generation2\ CH2=TIM_CHANNEL_2
TIM8.Channel-PWM\ Generation3\ CH3=TIM_CHANNEL_3
TIM8.Channel-PWM\ Generation4\ CH4=TIM_CHANNEL_4
TIM8.IPParameters=Channel-PWM Generation1 CH1,Channel-PWM Generation2 CH2,Channel-PWM Generation3 CH3,Channel-PWM Generation4 CH4,Prescaler,Period,Pulse-PWM Generation1 CH1,Pulse-PWM Generation2 CH2,Pulse-PWM Generation3 CH3,Pulse-PWM Generation4 CH4
TIM8.Period=PWM_RESOLUTION-1
TIM8.Prescaler=TIM_PSC_APB2
TIM8.Pulse-PWM\ Generation1\ CH1=PWM_DEFAULT_DUTY
TIM8.Pulse-PWM\ Generation2\ CH2=PWM_DEFAULT_DUTY
TIM8.Pulse-PWM\ Generation3\ CH3=PWM_DEFAULT_DUTY
TIM8.Pulse-PWM\ Generation4\ CH4=PWM_DEFAULT_DUTY
UART7.IPParameters=VirtualMode
UART7.VirtualMode=Asynchronous
UART8.IPParameters=VirtualMode
UART8.VirtualMode=Asynchronous
USART1.BaudRate=100000
USART1.IPParameters=VirtualMode,BaudRate,Mode,Parity
USART1.Mode=MODE_RX
USART1.Parity=PARITY_EVEN
USART1.VirtualMode=VM_ASYNC
USART2.IPParameters=VirtualMode
USART2.VirtualMode=VM_ASYNC
USART3.IPParameters=VirtualMode
USART3.VirtualMode=VM_ASYNC
USART6.IPParameters=VirtualMode
USART6.VirtualMode=VM_ASYNC
USB_DEVICE.CLASS_NAME_FS=CDC
USB_DEVICE.IPParameters=VirtualMode-CDC_FS,VirtualModeFS,CLASS_NAME_FS
USB_DEVICE.VirtualMode-CDC_FS=Cdc
USB_DEVICE.VirtualModeFS=Cdc_FS
USB_OTG_FS.IPParameters=VirtualMode
USB_OTG_FS.VirtualMode=Device_Only
VP_ADC1_TempSens_Input.Mode=IN-TempSens
VP_ADC1_TempSens_Input.Signal=ADC1_TempSens_Input
VP_ADC1_Vref_Input.Mode=IN-Vrefint
VP_ADC1_Vref_Input.Signal=ADC1_Vref_Input
VP_CRC_VS_CRC.Mode=CRC_Activate
VP_CRC_VS_CRC.Signal=CRC_VS_CRC
VP_FREERTOS_VS_CMSIS_V2.Mode=CMSIS_V2
VP_FREERTOS_VS_CMSIS_V2.Signal=FREERTOS_VS_CMSIS_V2
VP_RNG_VS_RNG.Mode=RNG_Activate
VP_RNG_VS_RNG.Signal=RNG_VS_RNG
VP_RTC_VS_RTC_Activate.Mode=RTC_Enabled
VP_RTC_VS_RTC_Activate.Signal=RTC_VS_RTC_Activate
VP_SYS_VS_tim6.Mode=TIM6
VP_SYS_VS_tim6.Signal=SYS_VS_tim6
VP_TIM12_VS_ClockSourceINT.Mode=Internal
VP_TIM12_VS_ClockSourceINT.Signal=TIM12_VS_ClockSourceINT
VP_TIM1_VS_ClockSourceINT.Mode=Internal
VP_TIM1_VS_ClockSourceINT.Signal=TIM1_VS_ClockSourceINT
VP_TIM2_VS_ClockSourceINT.Mode=Internal
VP_TIM2_VS_ClockSourceINT.Signal=TIM2_VS_ClockSourceINT
VP_TIM3_VS_ClockSourceINT.Mode=Internal
VP_TIM3_VS_ClockSourceINT.Signal=TIM3_VS_ClockSourceINT
VP_TIM4_VS_ClockSourceINT.Mode=Internal
VP_TIM4_VS_ClockSourceINT.Signal=TIM4_VS_ClockSourceINT
VP_TIM5_VS_ClockSourceINT.Mode=Internal
VP_TIM5_VS_ClockSourceINT.Signal=TIM5_VS_ClockSourceINT
VP_TIM8_VS_ClockSourceINT.Mode=Internal
VP_TIM8_VS_ClockSourceINT.Signal=TIM8_VS_ClockSourceINT
VP_USB_DEVICE_VS_USB_DEVICE_CDC_FS.Mode=CDC_FS
VP_USB_DEVICE_VS_USB_DEVICE_CDC_FS.Signal=USB_DEVICE_VS_USB_DEVICE_CDC_FS
board=custom
