#MicroXplorer Configuration settings - do not modify
ADC1.Channel-0\#ChannelRegularConversion=ADC_CHANNEL_4
ADC1.Channel-1\#ChannelRegularConversion=ADC_CHANNEL_19
ADC1.ClockPrescaler=ADC_CLOCK_ASYNC_DIV64
ADC1.ContinuousConvMode=ENABLE
ADC1.ConversionDataManagement=ADC_CONVERSIONDATA_DMA_CIRCULAR
ADC1.IPParameters=Rank-0\#ChannelRegularConversion,Channel-0\#ChannelRegularConversion,SamplingTime-0\#ChannelRegularConversion,OffsetNumber-0\#ChannelRegularConversion,OffsetSignedSaturation-0\#ChannelRegularConversion,NbrOfConversionFlag,master,ClockPrescaler,ContinuousConvMode,ConversionDataManagement,Rank-1\#ChannelRegularConversion,Channel-1\#ChannelRegularConversion,SamplingTime-1\#ChannelRegularConversion,OffsetNumber-1\#ChannelRegularConversion,OffsetSignedSaturation-1\#ChannelRegularConversion,NbrOfConversion
ADC1.NbrOfConversion=2
ADC1.NbrOfConversionFlag=1
ADC1.OffsetNumber-0\#ChannelRegularConversion=ADC_OFFSET_NONE
ADC1.OffsetNumber-1\#ChannelRegularConversion=ADC_OFFSET_NONE
ADC1.OffsetSignedSaturation-0\#ChannelRegularConversion=DISABLE
ADC1.OffsetSignedSaturation-1\#ChannelRegularConversion=DISABLE
ADC1.Rank-0\#ChannelRegularConversion=1
ADC1.Rank-1\#ChannelRegularConversion=2
ADC1.SamplingTime-0\#ChannelRegularConversion=ADC_SAMPLETIME_32CYCLES_5
ADC1.SamplingTime-1\#ChannelRegularConversion=ADC_SAMPLETIME_32CYCLES_5
ADC1.master=1
CAD.formats=[]
CAD.pinconfig=Dual
CAD.provider=
CORTEX_M7.CPU_DCache=Disabled
CORTEX_M7.CPU_ICache=Disabled
CORTEX_M7.Enable-Cortex_Memory_Protection_Unit_Region1_Settings=__NULL
CORTEX_M7.IPParameters=CPU_DCache,CPU_ICache,MPU_Control,Enable-Cortex_Memory_Protection_Unit_Region1_Settings
CORTEX_M7.MPU_Control=__NULL
Dma.ADC1.0.Direction=DMA_PERIPH_TO_MEMORY
Dma.ADC1.0.EventEnable=DISABLE
Dma.ADC1.0.FIFOMode=DMA_FIFOMODE_DISABLE
Dma.ADC1.0.Instance=DMA2_Stream4
Dma.ADC1.0.MemDataAlignment=DMA_MDATAALIGN_HALFWORD
Dma.ADC1.0.MemInc=DMA_MINC_ENABLE
Dma.ADC1.0.Mode=DMA_CIRCULAR
Dma.ADC1.0.PeriphDataAlignment=DMA_PDATAALIGN_HALFWORD
Dma.ADC1.0.PeriphInc=DMA_PINC_DISABLE
Dma.ADC1.0.Polarity=HAL_DMAMUX_REQ_GEN_RISING
Dma.ADC1.0.Priority=DMA_PRIORITY_LOW
Dma.ADC1.0.RequestNumber=1
Dma.ADC1.0.RequestParameters=Instance,Direction,PeriphInc,MemInc,PeriphDataAlignment,MemDataAlignment,Mode,Priority,FIFOMode,SignalID,Polarity,RequestNumber,SyncSignalID,SyncPolarity,SyncEnable,EventEnable,SyncRequestNumber
Dma.ADC1.0.SignalID=NONE
Dma.ADC1.0.SyncEnable=DISABLE
Dma.ADC1.0.SyncPolarity=HAL_DMAMUX_SYNC_NO_EVENT
Dma.ADC1.0.SyncRequestNumber=1
Dma.ADC1.0.SyncSignalID=NONE
Dma.Request0=ADC1
Dma.Request1=SPI2_TX
Dma.Request2=SPI2_RX
Dma.Request3=UART5_RX
Dma.Request4=USART3_TX
Dma.Request5=USART3_RX
Dma.RequestsNb=6
Dma.SPI2_RX.2.Direction=DMA_PERIPH_TO_MEMORY
Dma.SPI2_RX.2.EventEnable=DISABLE
Dma.SPI2_RX.2.FIFOMode=DMA_FIFOMODE_DISABLE
Dma.SPI2_RX.2.Instance=DMA1_Stream2
Dma.SPI2_RX.2.MemDataAlignment=DMA_MDATAALIGN_BYTE
Dma.SPI2_RX.2.MemInc=DMA_MINC_ENABLE
Dma.SPI2_RX.2.Mode=DMA_NORMAL
Dma.SPI2_RX.2.PeriphDataAlignment=DMA_PDATAALIGN_BYTE
Dma.SPI2_RX.2.PeriphInc=DMA_PINC_DISABLE
Dma.SPI2_RX.2.Polarity=HAL_DMAMUX_REQ_GEN_RISING
Dma.SPI2_RX.2.Priority=DMA_PRIORITY_VERY_HIGH
Dma.SPI2_RX.2.RequestNumber=1
Dma.SPI2_RX.2.RequestParameters=Instance,Direction,PeriphInc,MemInc,PeriphDataAlignment,MemDataAlignment,Mode,Priority,FIFOMode,SignalID,Polarity,RequestNumber,SyncSignalID,SyncPolarity,SyncEnable,EventEnable,SyncRequestNumber
Dma.SPI2_RX.2.SignalID=NONE
Dma.SPI2_RX.2.SyncEnable=DISABLE
Dma.SPI2_RX.2.SyncPolarity=HAL_DMAMUX_SYNC_NO_EVENT
Dma.SPI2_RX.2.SyncRequestNumber=1
Dma.SPI2_RX.2.SyncSignalID=NONE
Dma.SPI2_TX.1.Direction=DMA_MEMORY_TO_PERIPH
Dma.SPI2_TX.1.EventEnable=DISABLE
Dma.SPI2_TX.1.FIFOMode=DMA_FIFOMODE_DISABLE
Dma.SPI2_TX.1.Instance=DMA1_Stream1
Dma.SPI2_TX.1.MemDataAlignment=DMA_MDATAALIGN_BYTE
Dma.SPI2_TX.1.MemInc=DMA_MINC_ENABLE
Dma.SPI2_TX.1.Mode=DMA_NORMAL
Dma.SPI2_TX.1.PeriphDataAlignment=DMA_PDATAALIGN_BYTE
Dma.SPI2_TX.1.PeriphInc=DMA_PINC_DISABLE
Dma.SPI2_TX.1.Polarity=HAL_DMAMUX_REQ_GEN_RISING
Dma.SPI2_TX.1.Priority=DMA_PRIORITY_HIGH
Dma.SPI2_TX.1.RequestNumber=1
Dma.SPI2_TX.1.RequestParameters=Instance,Direction,PeriphInc,MemInc,PeriphDataAlignment,MemDataAlignment,Mode,Priority,FIFOMode,SignalID,Polarity,RequestNumber,SyncSignalID,SyncPolarity,SyncEnable,EventEnable,SyncRequestNumber
Dma.SPI2_TX.1.SignalID=NONE
Dma.SPI2_TX.1.SyncEnable=DISABLE
Dma.SPI2_TX.1.SyncPolarity=HAL_DMAMUX_SYNC_NO_EVENT
Dma.SPI2_TX.1.SyncRequestNumber=1
Dma.SPI2_TX.1.SyncSignalID=NONE
Dma.UART5_RX.3.Direction=DMA_PERIPH_TO_MEMORY
Dma.UART5_RX.3.EventEnable=DISABLE
Dma.UART5_RX.3.FIFOMode=DMA_FIFOMODE_DISABLE
Dma.UART5_RX.3.Instance=DMA1_Stream0
Dma.UART5_RX.3.MemDataAlignment=DMA_MDATAALIGN_BYTE
Dma.UART5_RX.3.MemInc=DMA_MINC_ENABLE
Dma.UART5_RX.3.Mode=DMA_NORMAL
Dma.UART5_RX.3.PeriphDataAlignment=DMA_PDATAALIGN_BYTE
Dma.UART5_RX.3.PeriphInc=DMA_PINC_DISABLE
Dma.UART5_RX.3.Polarity=HAL_DMAMUX_REQ_GEN_RISING
Dma.UART5_RX.3.Priority=DMA_PRIORITY_HIGH
Dma.UART5_RX.3.RequestNumber=1
Dma.UART5_RX.3.RequestParameters=Instance,Direction,PeriphInc,MemInc,PeriphDataAlignment,MemDataAlignment,Mode,Priority,FIFOMode,SignalID,Polarity,RequestNumber,SyncSignalID,SyncPolarity,SyncEnable,EventEnable,SyncRequestNumber
Dma.UART5_RX.3.SignalID=NONE
Dma.UART5_RX.3.SyncEnable=DISABLE
Dma.UART5_RX.3.SyncPolarity=HAL_DMAMUX_SYNC_NO_EVENT
Dma.UART5_RX.3.SyncRequestNumber=1
Dma.UART5_RX.3.SyncSignalID=NONE
Dma.USART3_RX.5.Direction=DMA_PERIPH_TO_MEMORY
Dma.USART3_RX.5.EventEnable=DISABLE
Dma.USART3_RX.5.FIFOMode=DMA_FIFOMODE_DISABLE
Dma.USART3_RX.5.Instance=DMA1_Stream5
Dma.USART3_RX.5.MemDataAlignment=DMA_MDATAALIGN_BYTE
Dma.USART3_RX.5.MemInc=DMA_MINC_ENABLE
Dma.USART3_RX.5.Mode=DMA_NORMAL
Dma.USART3_RX.5.PeriphDataAlignment=DMA_PDATAALIGN_BYTE
Dma.USART3_RX.5.PeriphInc=DMA_PINC_DISABLE
Dma.USART3_RX.5.Polarity=HAL_DMAMUX_REQ_GEN_RISING
Dma.USART3_RX.5.Priority=DMA_PRIORITY_MEDIUM
Dma.USART3_RX.5.RequestNumber=1
Dma.USART3_RX.5.RequestParameters=Instance,Direction,PeriphInc,MemInc,PeriphDataAlignment,MemDataAlignment,Mode,Priority,FIFOMode,SignalID,Polarity,RequestNumber,SyncSignalID,SyncPolarity,SyncEnable,EventEnable,SyncRequestNumber
Dma.USART3_RX.5.SignalID=NONE
Dma.USART3_RX.5.SyncEnable=DISABLE
Dma.USART3_RX.5.SyncPolarity=HAL_DMAMUX_SYNC_NO_EVENT
Dma.USART3_RX.5.SyncRequestNumber=1
Dma.USART3_RX.5.SyncSignalID=NONE
Dma.USART3_TX.4.Direction=DMA_MEMORY_TO_PERIPH
Dma.USART3_TX.4.EventEnable=DISABLE
Dma.USART3_TX.4.FIFOMode=DMA_FIFOMODE_DISABLE
Dma.USART3_TX.4.Instance=DMA1_Stream4
Dma.USART3_TX.4.MemDataAlignment=DMA_MDATAALIGN_BYTE
Dma.USART3_TX.4.MemInc=DMA_MINC_ENABLE
Dma.USART3_TX.4.Mode=DMA_NORMAL
Dma.USART3_TX.4.PeriphDataAlignment=DMA_PDATAALIGN_BYTE
Dma.USART3_TX.4.PeriphInc=DMA_PINC_DISABLE
Dma.USART3_TX.4.Polarity=HAL_DMAMUX_REQ_GEN_RISING
Dma.USART3_TX.4.Priority=DMA_PRIORITY_MEDIUM
Dma.USART3_TX.4.RequestNumber=1
Dma.USART3_TX.4.RequestParameters=Instance,Direction,PeriphInc,MemInc,PeriphDataAlignment,MemDataAlignment,Mode,Priority,FIFOMode,SignalID,Polarity,RequestNumber,SyncSignalID,SyncPolarity,SyncEnable,EventEnable,SyncRequestNumber
Dma.USART3_TX.4.SignalID=NONE
Dma.USART3_TX.4.SyncEnable=DISABLE
Dma.USART3_TX.4.SyncPolarity=HAL_DMAMUX_SYNC_NO_EVENT
Dma.USART3_TX.4.SyncRequestNumber=1
Dma.USART3_TX.4.SyncSignalID=NONE
FDCAN1.CalculateBaudRateNominal=1000000
FDCAN1.CalculateTimeBitNominal=1000
FDCAN1.CalculateTimeQuantumNominal=200.0
FDCAN1.DataSyncJumpWidth=1
FDCAN1.ExtFiltersNbr=1
FDCAN1.IPParameters=CalculateTimeQuantumNominal,CalculateTimeBitNominal,CalculateBaudRateNominal,RxFifo0ElmtsNbr,TxFifoQueueElmtsNbr,NominalPrescaler,StdFiltersNbr,NominalTimeSeg1,NominalSyncJumpWidth,DataSyncJumpWidth,ExtFiltersNbr
FDCAN1.NominalPrescaler=24
FDCAN1.NominalSyncJumpWidth=1
FDCAN1.NominalTimeSeg1=2
FDCAN1.RxFifo0ElmtsNbr=32
FDCAN1.StdFiltersNbr=1
FDCAN1.TxFifoQueueElmtsNbr=32
FDCAN2.CalculateBaudRateNominal=1000000
FDCAN2.CalculateTimeBitNominal=1000
FDCAN2.CalculateTimeQuantumNominal=200.0
FDCAN2.DataPrescaler=1
FDCAN2.DataTimeSeg1=1
FDCAN2.DataTimeSeg2=1
FDCAN2.ExtFiltersNbr=1
FDCAN2.IPParameters=CalculateTimeQuantumNominal,CalculateTimeBitNominal,CalculateBaudRateNominal,MessageRAMOffset,RxFifo0ElmtsNbr,TxFifoQueueElmtsNbr,NominalPrescaler,StdFiltersNbr,DataPrescaler,DataTimeSeg1,DataTimeSeg2,ExtFiltersNbr,RxFifo1ElmtsNbr
FDCAN2.MessageRAMOffset=0x406
FDCAN2.NominalPrescaler=24
FDCAN2.RxFifo0ElmtsNbr=32
FDCAN2.RxFifo1ElmtsNbr=0
FDCAN2.StdFiltersNbr=1
FDCAN2.TxFifoQueueElmtsNbr=32
FDCAN3.CalculateBaudRateNominal=1000000
FDCAN3.CalculateTimeBitNominal=1000
FDCAN3.CalculateTimeQuantumNominal=200.0
FDCAN3.ExtFiltersNbr=1
FDCAN3.IPParameters=CalculateTimeQuantumNominal,CalculateTimeBitNominal,CalculateBaudRateNominal,MessageRAMOffset,RxFifo0ElmtsNbr,TxFifoQueueElmtsNbr,NominalPrescaler,StdFiltersNbr,ExtFiltersNbr,RxFifo1ElmtsNbr
FDCAN3.MessageRAMOffset=0x812
FDCAN3.NominalPrescaler=24
FDCAN3.RxFifo0ElmtsNbr=32
FDCAN3.RxFifo1ElmtsNbr=0
FDCAN3.StdFiltersNbr=1
FDCAN3.TxFifoQueueElmtsNbr=32
File.Version=6
GPIO.groupedBy=Group By Peripherals
KeepUserPlacement=false
Mcu.CPN=STM32H723VGT6
Mcu.Family=STM32H7
Mcu.IP0=ADC1
Mcu.IP1=CORTEX_M7
Mcu.IP10=SPI2
Mcu.IP11=SPI6
Mcu.IP12=SYS
Mcu.IP13=TIM1
Mcu.IP14=TIM2
Mcu.IP15=TIM3
Mcu.IP16=TIM7
Mcu.IP17=TIM12
Mcu.IP18=UART5
Mcu.IP19=USART3
Mcu.IP2=DEBUG
Mcu.IP20=USB_OTG_HS
Mcu.IP3=DMA
Mcu.IP4=FDCAN1
Mcu.IP5=FDCAN2
Mcu.IP6=FDCAN3
Mcu.IP7=NVIC
Mcu.IP8=OCTOSPI2
Mcu.IP9=RCC
Mcu.IPNb=21
Mcu.Name=STM32H723VGTx
Mcu.Package=LQFP100
Mcu.Pin0=PC13
Mcu.Pin1=PC14-OSC32_IN
Mcu.Pin10=PA1
Mcu.Pin11=PA2
Mcu.Pin12=PA3
Mcu.Pin13=PA5
Mcu.Pin14=PA7
Mcu.Pin15=PC4
Mcu.Pin16=PC5
Mcu.Pin17=PB0
Mcu.Pin18=PB1
Mcu.Pin19=PB2
Mcu.Pin2=PC15-OSC32_OUT
Mcu.Pin20=PE9
Mcu.Pin21=PE10
Mcu.Pin22=PE11
Mcu.Pin23=PE12
Mcu.Pin24=PE13
Mcu.Pin25=PE15
Mcu.Pin26=PB10
Mcu.Pin27=PB11
Mcu.Pin28=PB12
Mcu.Pin29=PB13
Mcu.Pin3=PH0-OSC_IN
Mcu.Pin30=PB15
Mcu.Pin31=PD8
Mcu.Pin32=PD9
Mcu.Pin33=PD10
Mcu.Pin34=PD11
Mcu.Pin35=PD12
Mcu.Pin36=PD13
Mcu.Pin37=PA8
Mcu.Pin38=PA11
Mcu.Pin39=PA12
Mcu.Pin4=PH1-OSC_OUT
Mcu.Pin40=PA13(JTMS/SWDIO)
Mcu.Pin41=PA14(JTCK/SWCLK)
Mcu.Pin42=PA15(JTDI)
Mcu.Pin43=PC12
Mcu.Pin44=PD0
Mcu.Pin45=PD1
Mcu.Pin46=PD2
Mcu.Pin47=PD7
Mcu.Pin48=PB3(JTDO/TRACESWO)
Mcu.Pin49=PB5
Mcu.Pin5=PC0
Mcu.Pin50=PB6
Mcu.Pin51=VP_OCTOSPI2_VS_quad
Mcu.Pin52=VP_SYS_VS_tim23
Mcu.Pin53=VP_TIM7_VS_ClockSourceINT
Mcu.Pin6=PC1
Mcu.Pin7=PC2_C
Mcu.Pin8=PC3_C
Mcu.Pin9=PA0
Mcu.PinsNb=54
Mcu.ThirdPartyNb=0
Mcu.UserConstants=
Mcu.UserName=STM32H723VGTx
MxCube.Version=6.11.0
MxDb.Version=DB.6.0.110
NVIC.BusFault_IRQn=true\:0\:0\:false\:false\:true\:false\:false\:false
NVIC.DMA1_Stream0_IRQn=true\:5\:0\:true\:false\:true\:false\:true\:true
NVIC.DMA1_Stream1_IRQn=true\:5\:0\:true\:false\:true\:false\:true\:true
NVIC.DMA1_Stream2_IRQn=true\:5\:0\:true\:false\:true\:false\:true\:true
NVIC.DMA1_Stream4_IRQn=true\:5\:0\:true\:false\:true\:false\:true\:true
NVIC.DMA1_Stream5_IRQn=true\:5\:0\:true\:false\:true\:false\:true\:true
NVIC.DMA2_Stream4_IRQn=true\:5\:0\:true\:false\:true\:false\:true\:true
NVIC.DebugMonitor_IRQn=true\:0\:0\:false\:false\:true\:false\:false\:false
NVIC.EXTI15_10_IRQn=true\:5\:0\:true\:false\:true\:true\:true\:true
NVIC.FDCAN1_IT0_IRQn=true\:5\:0\:true\:false\:true\:true\:true\:true
NVIC.FDCAN2_IT0_IRQn=true\:5\:0\:true\:false\:true\:true\:true\:true
NVIC.FDCAN3_IT0_IRQn=true\:5\:0\:true\:false\:true\:true\:true\:true
NVIC.ForceEnableDMAVector=true
NVIC.HardFault_IRQn=true\:0\:0\:false\:false\:false\:false\:false\:false
NVIC.MemoryManagement_IRQn=true\:0\:0\:false\:false\:true\:false\:false\:false
NVIC.NonMaskableInt_IRQn=true\:0\:0\:false\:false\:true\:false\:false\:false
NVIC.OTG_HS_IRQn=true\:5\:0\:true\:false\:false\:true\:true\:true
NVIC.PendSV_IRQn=true\:0\:0\:false\:false\:false\:false\:false\:false
NVIC.PriorityGroup=NVIC_PRIORITYGROUP_4
NVIC.SPI2_IRQn=true\:5\:0\:true\:false\:true\:false\:true\:true
NVIC.SVCall_IRQn=true\:0\:0\:false\:false\:false\:false\:false\:false
NVIC.SysTick_IRQn=true\:15\:0\:false\:false\:false\:false\:true\:false
NVIC.TIM23_IRQn=true\:5\:0\:true\:false\:true\:false\:true\:true
NVIC.TIM7_IRQn=true\:5\:0\:true\:false\:true\:true\:true\:true
NVIC.TimeBase=TIM23_IRQn
NVIC.TimeBaseIP=TIM23
NVIC.USART3_IRQn=true\:5\:0\:true\:false\:true\:true\:true\:true
NVIC.UsageFault_IRQn=true\:0\:0\:false\:false\:true\:false\:false\:false
OCTOSPI2.ClockMode=HAL_OSPI_CLOCK_MODE_3
OCTOSPI2.ClockPrescaler=3
OCTOSPI2.DeviceSize=23
OCTOSPI2.DeviceType=SPI_DEVICE_FLASH
OCTOSPI2.FifoThreshold=8
OCTOSPI2.IPParameters=FifoThreshold,DeviceSize,DeviceType,ClockMode,ClockPrescaler,SampleShifting
OCTOSPI2.SampleShifting=HAL_OSPI_SAMPLE_SHIFTING_HALFCYCLE
PA0.Locked=true
PA0.Signal=S_TIM2_CH1_ETR
PA1.Locked=true
PA1.Mode=OCTOSPI2_IOL_Port1L
PA1.Signal=OCTOSPIM_P1_IO3
PA11.Mode=Device_Only_FS
PA11.Signal=USB_OTG_HS_DM
PA12.Mode=Device_Only_FS
PA12.Signal=USB_OTG_HS_DP
PA13(JTMS/SWDIO).Locked=true
PA13(JTMS/SWDIO).Mode=Serial_Wire
PA13(JTMS/SWDIO).Signal=DEBUG_JTMS-SWDIO
PA14(JTCK/SWCLK).Locked=true
PA14(JTCK/SWCLK).Mode=Serial_Wire
PA14(JTCK/SWCLK).Signal=DEBUG_JTCK-SWCLK
PA15(JTDI).Locked=true
PA15(JTDI).Signal=GPIO_Input
PA2.Locked=true
PA2.Signal=S_TIM2_CH3
PA3.Locked=true
PA3.Mode=OCTOSPI2_IOL_Port1L
PA3.Signal=OCTOSPIM_P1_IO2
PA5.Locked=true
PA5.Signal=ADCx_INP19
PA7.GPIOParameters=GPIO_Speed
PA7.GPIO_Speed=GPIO_SPEED_FREQ_VERY_HIGH
PA7.Mode=TX_Only_Simplex_Unidirect_Master
PA7.Signal=SPI6_MOSI
PA8.Locked=true
PA8.Mode=Clock-out-1
PA8.Signal=RCC_MCO_1
PB0.Locked=true
PB0.Mode=OCTOSPI2_IOL_Port1L
PB0.Signal=OCTOSPIM_P1_IO1
PB1.Locked=true
PB1.Signal=S_TIM3_CH4
PB10.GPIOParameters=GPIO_Label
PB10.GPIO_Label=LCD_BLK
PB10.Locked=true
PB10.Signal=GPIO_Output
PB11.GPIOParameters=GPIO_Label
PB11.GPIO_Label=LCD_RES
PB11.Locked=true
PB11.Signal=GPIO_Output
PB12.GPIOParameters=GPIO_Speed,PinState,GPIO_PuPd,GPIO_Label
PB12.GPIO_Label=DCMI_REST
PB12.GPIO_PuPd=GPIO_PULLUP
PB12.GPIO_Speed=GPIO_SPEED_FREQ_VERY_HIGH
PB12.Locked=true
PB12.PinState=GPIO_PIN_SET
PB12.Signal=GPIO_Output
PB13.GPIOParameters=GPIO_Speed
PB13.GPIO_Speed=GPIO_SPEED_FREQ_VERY_HIGH
PB13.Locked=true
PB13.Mode=Full_Duplex_Master
PB13.Signal=SPI2_SCK
PB15.Locked=true
PB15.Signal=S_TIM12_CH2
PB2.Locked=true
PB2.Mode=O2_P1_CLK
PB2.Signal=OCTOSPIM_P1_CLK
PB3(JTDO/TRACESWO).GPIOParameters=GPIO_Speed
PB3(JTDO/TRACESWO).GPIO_Speed=GPIO_SPEED_FREQ_VERY_HIGH
PB3(JTDO/TRACESWO).Mode=TX_Only_Simplex_Unidirect_Master
PB3(JTDO/TRACESWO).Signal=SPI6_SCK
PB5.GPIOParameters=GPIO_Speed
PB5.GPIO_Speed=GPIO_SPEED_FREQ_VERY_HIGH
PB5.Locked=true
PB5.Mode=FDCAN_Activate
PB5.Signal=FDCAN2_RX
PB6.GPIOParameters=GPIO_Speed
PB6.GPIO_Speed=GPIO_SPEED_FREQ_VERY_HIGH
PB6.Locked=true
PB6.Mode=FDCAN_Activate
PB6.Signal=FDCAN2_TX
PC0.GPIOParameters=GPIO_Speed,PinState,GPIO_PuPd,GPIO_Label
PC0.GPIO_Label=ACCL_CS
PC0.GPIO_PuPd=GPIO_PULLUP
PC0.GPIO_Speed=GPIO_SPEED_FREQ_MEDIUM
PC0.Locked=true
PC0.PinState=GPIO_PIN_SET
PC0.Signal=GPIO_Output
PC1.GPIOParameters=GPIO_Speed
PC1.GPIO_Speed=GPIO_SPEED_FREQ_VERY_HIGH
PC1.Mode=Full_Duplex_Master
PC1.Signal=SPI2_MOSI
PC12.GPIOParameters=GPIO_Speed
PC12.GPIO_Speed=GPIO_SPEED_FREQ_VERY_HIGH
PC12.Mode=Asynchronous
PC12.Signal=UART5_TX
PC13.GPIOParameters=PinState,GPIO_Label
PC13.GPIO_Label=POWER_24V_2
PC13.Locked=true
PC13.PinState=GPIO_PIN_SET
PC13.Signal=GPIO_Output
PC14-OSC32_IN.Locked=true
PC14-OSC32_IN.Signal=GPIO_Output
PC15-OSC32_OUT.GPIOParameters=PinState,GPIO_Label
PC15-OSC32_OUT.GPIO_Label=POWER_5V
PC15-OSC32_OUT.Locked=true
PC15-OSC32_OUT.PinState=GPIO_PIN_SET
PC15-OSC32_OUT.Signal=GPIO_Output
PC2_C.GPIOParameters=GPIO_Speed
PC2_C.GPIO_Speed=GPIO_SPEED_FREQ_VERY_HIGH
PC2_C.Mode=Full_Duplex_Master
PC2_C.Signal=SPI2_MISO
PC3_C.GPIOParameters=GPIO_Speed,PinState,GPIO_PuPd,GPIO_Label
PC3_C.GPIO_Label=GYRO_CS
PC3_C.GPIO_PuPd=GPIO_PULLUP
PC3_C.GPIO_Speed=GPIO_SPEED_FREQ_MEDIUM
PC3_C.Locked=true
PC3_C.PinState=GPIO_PIN_SET
PC3_C.Signal=GPIO_Output
PC4.Locked=true
PC4.Signal=ADCx_INP4
PC5.GPIOParameters=GPIO_Speed,PinState,GPIO_PuPd,GPIO_Label
PC5.GPIO_Label=DCMI_PWDN
PC5.GPIO_PuPd=GPIO_NOPULL
PC5.GPIO_Speed=GPIO_SPEED_FREQ_VERY_HIGH
PC5.Locked=true
PC5.PinState=GPIO_PIN_SET
PC5.Signal=GPIO_Output
PD0.GPIOParameters=GPIO_Speed
PD0.GPIO_Speed=GPIO_SPEED_FREQ_VERY_HIGH
PD0.Mode=FDCAN_Activate
PD0.Signal=FDCAN1_RX
PD1.GPIOParameters=GPIO_Speed
PD1.GPIO_Speed=GPIO_SPEED_FREQ_VERY_HIGH
PD1.Locked=true
PD1.Mode=FDCAN_Activate
PD1.Signal=FDCAN1_TX
PD10.GPIOParameters=GPIO_Label
PD10.GPIO_Label=LCD_DC
PD10.Locked=true
PD10.Signal=GPIO_Output
PD11.Locked=true
PD11.Mode=OCTOSPI2_IOL_Port1L
PD11.Signal=OCTOSPIM_P1_IO0
PD12.GPIOParameters=GPIO_Speed
PD12.GPIO_Speed=GPIO_SPEED_FREQ_VERY_HIGH
PD12.Mode=FDCAN_Activate
PD12.Signal=FDCAN3_RX
PD13.GPIOParameters=GPIO_Speed
PD13.GPIO_Speed=GPIO_SPEED_FREQ_VERY_HIGH
PD13.Locked=true
PD13.Mode=FDCAN_Activate
PD13.Signal=FDCAN3_TX
PD2.GPIOParameters=GPIO_Speed
PD2.GPIO_Speed=GPIO_SPEED_FREQ_VERY_HIGH
PD2.Mode=Asynchronous
PD2.Signal=UART5_RX
PD7.GPIOParameters=GPIO_Speed
PD7.GPIO_Speed=GPIO_SPEED_FREQ_VERY_HIGH
PD7.Locked=true
PD7.Signal=SPI1_MOSI
PD8.GPIOParameters=GPIO_Speed
PD8.GPIO_Speed=GPIO_SPEED_FREQ_VERY_HIGH
PD8.Mode=Asynchronous
PD8.Signal=USART3_TX
PD9.GPIOParameters=GPIO_Speed
PD9.GPIO_Speed=GPIO_SPEED_FREQ_VERY_HIGH
PD9.Mode=Asynchronous
PD9.Signal=USART3_RX
PE10.GPIOParameters=GPIO_PuPd,GPIO_Label,GPIO_ModeDefaultEXTI
PE10.GPIO_Label=ACCL_INT
PE10.GPIO_ModeDefaultEXTI=GPIO_MODE_IT_FALLING
PE10.GPIO_PuPd=GPIO_PULLUP
PE10.Locked=true
PE10.Signal=GPXTI10
PE11.Locked=true
PE11.Mode=OCTOSPI2_Port1_NCS
PE11.Signal=OCTOSPIM_P1_NCS
PE12.GPIOParameters=GPIO_PuPd,GPIO_Label,GPIO_ModeDefaultEXTI
PE12.GPIO_Label=GYRO_INT
PE12.GPIO_ModeDefaultEXTI=GPIO_MODE_IT_FALLING
PE12.GPIO_PuPd=GPIO_PULLUP
PE12.Locked=true
PE12.Signal=GPXTI12
PE13.Signal=S_TIM1_CH3
PE15.GPIOParameters=GPIO_Label
PE15.GPIO_Label=LCD_CS
PE15.Locked=true
PE15.Signal=GPIO_Output
PE9.Locked=true
PE9.Signal=S_TIM1_CH1
PH0-OSC_IN.Mode=HSE-External-Oscillator
PH0-OSC_IN.Signal=RCC_OSC_IN
PH1-OSC_OUT.Mode=HSE-External-Oscillator
PH1-OSC_OUT.Signal=RCC_OSC_OUT
PinOutPanel.RotationAngle=0
ProjectManager.AskForMigrate=true
ProjectManager.BackupPrevious=false
ProjectManager.CompilerOptimize=6
ProjectManager.ComputerToolchain=false
ProjectManager.CoupleFile=false
ProjectManager.CustomerFirmwarePackage=
ProjectManager.DefaultFWLocation=true
ProjectManager.DeletePrevious=true
ProjectManager.DeviceId=STM32H723VGTx
ProjectManager.FirmwarePackage=STM32Cube FW_H7 V1.11.2
ProjectManager.FreePins=false
ProjectManager.HalAssertFull=false
ProjectManager.HeapSize=0x200
ProjectManager.KeepUserCode=true
ProjectManager.LastFirmware=true
ProjectManager.LibraryCopy=2
ProjectManager.MainLocation=Core/Src
ProjectManager.NoMain=true
ProjectManager.PreviousToolchain=
ProjectManager.ProjectBuild=false
ProjectManager.ProjectFileName=CtrBoard-H7_ALL.ioc
ProjectManager.ProjectName=CtrBoard-H7_ALL
ProjectManager.ProjectStructure=
ProjectManager.RegisterCallBack=
ProjectManager.StackSize=0x800
ProjectManager.TargetToolchain=Makefile
ProjectManager.ToolChainLocation=
ProjectManager.UAScriptAfterPath=
ProjectManager.UAScriptBeforePath=
ProjectManager.UnderRoot=false
ProjectManager.functionlistsort=1-SystemClock_Config-RCC-false-HAL-false,2-MX_GPIO_Init-GPIO-false-HAL-false,3-MX_DMA_Init-DMA-false-HAL-false,4-MX_ADC1_Init-ADC1-false-HAL-false,5-MX_TIM12_Init-TIM12-false-HAL-false,6-MX_SPI2_Init-SPI2-false-HAL-false,7-MX_TIM3_Init-TIM3-false-HAL-false,8-MX_FDCAN1_Init-FDCAN1-false-HAL-false,9-MX_FDCAN2_Init-FDCAN2-false-HAL-false,10-MX_FDCAN3_Init-FDCAN3-false-HAL-false,11-MX_TIM1_Init-TIM1-false-HAL-false,12-MX_TIM2_Init-TIM2-false-HAL-false,13-MX_OCTOSPI2_Init-OCTOSPI2-false-HAL-false,14-MX_USB_OTG_HS_PCD_Init-USB_OTG_HS-false-HAL-false,15-MX_TIM7_Init-TIM7-false-HAL-false,16-MX_SPI6_Init-SPI6-false-HAL-false,17-MX_UART5_Init-UART5-false-HAL-false,18-MX_USART3_UART_Init-USART3-false-HAL-false,0-MX_CORTEX_M7_Init-CORTEX_M7-false-HAL-true
RCC.ADCCLockSelection=RCC_ADCCLKSOURCE_PLL2
RCC.ADCFreq_Value=120000000
RCC.AHB12Freq_Value=275000000
RCC.AHB4Freq_Value=275000000
RCC.APB1Freq_Value=137500000
RCC.APB2Freq_Value=137500000
RCC.APB3Freq_Value=137500000
RCC.APB4Freq_Value=137500000
RCC.AXIClockFreq_Value=275000000
RCC.CECCLockSelection=RCC_CECCLKSOURCE_LSI
RCC.CECFreq_Value=32000
RCC.CKPERFreq_Value=64000000
RCC.CKPERSourceSelection=RCC_CLKPSOURCE_HSI
RCC.CSI_VALUE=4000000
RCC.CortexFreq_Value=550000000
RCC.Cortex_Div=SYSTICK_CLKSOURCE_HCLK
RCC.Cortex_DivARG=SystemCoreClock/1000
RCC.CpuClockFreq_Value=550000000
RCC.D1CPRE=RCC_SYSCLK_DIV1
RCC.D1CPREFreq_Value=550000000
RCC.D1PPRE=RCC_APB3_DIV2
RCC.D2PPRE1=RCC_APB1_DIV2
RCC.D2PPRE2=RCC_APB2_DIV2
RCC.D3PPRE=RCC_APB4_DIV2
RCC.DFSDMACLkFreq_Value=183333333.33333334
RCC.DFSDMCLockSelection=RCC_DFSDM1CLKSOURCE_D2PCLK1
RCC.DFSDMFreq_Value=137500000
RCC.DIVM1=3
RCC.DIVM2=2
RCC.DIVM3=32
RCC.DIVN1=68
RCC.DIVN2=20
RCC.DIVN3=129
RCC.DIVP1=1
RCC.DIVP1Freq_Value=550000000
RCC.DIVP2=2
RCC.DIVP2Freq_Value=120000000
RCC.DIVP3=2
RCC.DIVP3Freq_Value=48375000
RCC.DIVQ1=3
RCC.DIVQ1Freq_Value=183333333.33333334
RCC.DIVQ2=2
RCC.DIVQ2Freq_Value=120000000
RCC.DIVQ3=2
RCC.DIVQ3Freq_Value=48375000
RCC.DIVR1=2
RCC.DIVR1Freq_Value=275000000
RCC.DIVR2=2
RCC.DIVR2Freq_Value=120000000
RCC.DIVR3=2
RCC.DIVR3Freq_Value=48375000
RCC.EXTERNAL_CLOCK_VALUE=12288000
RCC.FDCANCLockSelection=RCC_FDCANCLKSOURCE_PLL2
RCC.FDCANFreq_Value=120000000
RCC.FMCCLockSelection=RCC_FMCCLKSOURCE_D1HCLK
RCC.FMCFreq_Value=275000000
RCC.FamilyName=M
RCC.HCLK3ClockFreq_Value=275000000
RCC.HCLKFreq_Value=275000000
RCC.HPRE=RCC_HCLK_DIV2
RCC.HSE_VALUE=24000000
RCC.HSI48_VALUE=48000000
RCC.HSIDiv=RCC_PLLSAIDIVR_1
RCC.HSI_VALUE=64000000
RCC.I2C123CLockSelection=RCC_I2C1235CLKSOURCE_D2PCLK1
RCC.I2C123Freq_Value=137500000
RCC.I2C4CLockSelection=RCC_I2C4CLKSOURCE_D3PCLK1
RCC.I2C4Freq_Value=137500000
RCC.IPParameters=ADCCLockSelection,ADCFreq_Value,AHB12Freq_Value,AHB4Freq_Value,APB1Freq_Value,APB2Freq_Value,APB3Freq_Value,APB4Freq_Value,AXIClockFreq_Value,CECCLockSelection,CECFreq_Value,CKPERFreq_Value,CKPERSourceSelection,CSI_VALUE,CortexFreq_Value,Cortex_Div,Cortex_DivARG,CpuClockFreq_Value,D1CPRE,D1CPREFreq_Value,D1PPRE,D2PPRE1,D2PPRE2,D3PPRE,DFSDMACLkFreq_Value,DFSDMCLockSelection,DFSDMFreq_Value,DIVM1,DIVM2,DIVM3,DIVN1,DIVN2,DIVN3,DIVP1,DIVP1Freq_Value,DIVP2,DIVP2Freq_Value,DIVP3,DIVP3Freq_Value,DIVQ1,DIVQ1Freq_Value,DIVQ2,DIVQ2Freq_Value,DIVQ3,DIVQ3Freq_Value,DIVR1,DIVR1Freq_Value,DIVR2,DIVR2Freq_Value,DIVR3,DIVR3Freq_Value,EXTERNAL_CLOCK_VALUE,FDCANCLockSelection,FDCANFreq_Value,FMCCLockSelection,FMCFreq_Value,FamilyName,HCLK3ClockFreq_Value,HCLKFreq_Value,HPRE,HSE_VALUE,HSI48_VALUE,HSIDiv,HSI_VALUE,I2C123CLockSelection,I2C123Freq_Value,I2C4CLockSelection,I2C4Freq_Value,LPTIM1CLockSelection,LPTIM1Freq_Value,LPTIM2CLockSelection,LPTIM2Freq_Value,LPTIM345CLockSelection,LPTIM345Freq_Value,LPUART1CLockSelection,LPUART1Freq_Value,LSEState,LSE_VALUE,LSI_VALUE,LTDCFreq_Value,MCO1PinFreq_Value,MCO2PinFreq_Value,PLL2FRACN,PLL2_VCI_Range-AdvancedSettings,PLL2_VCO_SEL-AdvancedSettings,PLL3FRACN,PLL3_VCO_SEL-AdvancedSettings,PLLFRACN,PLLSourceVirtual,QSPICLockSelection,QSPIFreq_Value,RCC_MCO1Source,RCC_MCO2Source,RCC_MCODiv1,RCC_MCODiv2,RCC_RTC_Clock_Source_FROM_HSE,RNGCLockSelection,RNGFreq_Value,RTCFreq_Value,SAI1CLockSelection,SAI1Freq_Value,SAI4ACLockSelection,SAI4AFreq_Value,SAI4BCLockSelection,SAI4BFreq_Value,SDMMCFreq_Value,SPDIFCLockSelection,SPDIFRXFreq_Value,SPI123Freq_Value,SPI45Freq_Value,SPI6CLockSelection,SPI6Freq_Value,SWPCLockSelection,SWPMI1Freq_Value,SYSCLKFreq_VALUE,SYSCLKSource,Spi45ClockSelection,Tim1OutputFreq_Value,Tim2OutputFreq_Value,TraceFreq_Value,USART16CLockSelection,USART16Freq_Value,USART234578CLockSelection,USART234578Freq_Value,USBCLockSelection,USBFreq_Value,VCO1OutputFreq_Value,VCO2OutputFreq_Value,VCO3OutputFreq_Value,VCOInput1Freq_Value,VCOInput2Freq_Value,VCOInput3Freq_Value,WatchDogFreq_Value
RCC.LPTIM1CLockSelection=RCC_LPTIM1CLKSOURCE_D2PCLK1
RCC.LPTIM1Freq_Value=137500000
RCC.LPTIM2CLockSelection=RCC_LPTIM2CLKSOURCE_D3PCLK1
RCC.LPTIM2Freq_Value=137500000
RCC.LPTIM345CLockSelection=RCC_LPTIM345CLKSOURCE_D3PCLK1
RCC.LPTIM345Freq_Value=137500000
RCC.LPUART1CLockSelection=RCC_LPUART1CLKSOURCE_D3PCLK1
RCC.LPUART1Freq_Value=137500000
RCC.LSEState=RCC_LSE_OFF
RCC.LSE_VALUE=32768
RCC.LSI_VALUE=32000
RCC.LTDCFreq_Value=48375000
RCC.MCO1PinFreq_Value=64000000
RCC.MCO2PinFreq_Value=550000000
RCC.PLL2FRACN=0
RCC.PLL2_VCI_Range-AdvancedSettings=RCC_PLL2VCIRANGE_0
RCC.PLL2_VCO_SEL-AdvancedSettings=RCC_PLL2VCOWIDE
RCC.PLL3FRACN=0
RCC.PLL3_VCO_SEL-AdvancedSettings=RCC_PLL3VCOMEDIUM
RCC.PLLFRACN=6144
RCC.PLLSourceVirtual=RCC_PLLSOURCE_HSE
RCC.QSPICLockSelection=RCC_OSPICLKSOURCE_D1HCLK
RCC.QSPIFreq_Value=275000000
RCC.RCC_MCO1Source=RCC_MCO1SOURCE_HSI
RCC.RCC_MCO2Source=RCC_MCO2SOURCE_SYSCLK
RCC.RCC_MCODiv1=RCC_MCODIV_1
RCC.RCC_MCODiv2=RCC_MCODIV_1
RCC.RCC_RTC_Clock_Source_FROM_HSE=RCC_RTCCLKSOURCE_HSE_DIV2
RCC.RNGCLockSelection=RCC_RNGCLKSOURCE_HSI48
RCC.RNGFreq_Value=48000000
RCC.RTCFreq_Value=32000
RCC.SAI1CLockSelection=RCC_SAI1CLKSOURCE_PLL
RCC.SAI1Freq_Value=183333333.33333334
RCC.SAI4ACLockSelection=RCC_SAI4ACLKSOURCE_PLL
RCC.SAI4AFreq_Value=183333333.33333334
RCC.SAI4BCLockSelection=RCC_SAI4BCLKSOURCE_PLL
RCC.SAI4BFreq_Value=183333333.33333334
RCC.SDMMCFreq_Value=183333333.33333334
RCC.SPDIFCLockSelection=RCC_SPDIFRXCLKSOURCE_PLL
RCC.SPDIFRXFreq_Value=183333333.33333334
RCC.SPI123Freq_Value=183333333.33333334
RCC.SPI45Freq_Value=137500000
RCC.SPI6CLockSelection=RCC_SPI6CLKSOURCE_HSE
RCC.SPI6Freq_Value=24000000
RCC.SWPCLockSelection=RCC_SWPMI1CLKSOURCE_D2PCLK1
RCC.SWPMI1Freq_Value=137500000
RCC.SYSCLKFreq_VALUE=550000000
RCC.SYSCLKSource=RCC_SYSCLKSOURCE_PLLCLK
RCC.Spi45ClockSelection=RCC_SPI45CLKSOURCE_D2PCLK1
RCC.Tim1OutputFreq_Value=275000000
RCC.Tim2OutputFreq_Value=275000000
RCC.TraceFreq_Value=275000000
RCC.USART16CLockSelection=RCC_USART16910CLKSOURCE_D2PCLK2
RCC.USART16Freq_Value=137500000
RCC.USART234578CLockSelection=RCC_USART234578CLKSOURCE_D2PCLK1
RCC.USART234578Freq_Value=137500000
RCC.USBCLockSelection=RCC_USBCLKSOURCE_HSI48
RCC.USBFreq_Value=48000000
RCC.VCO1OutputFreq_Value=550000000
RCC.VCO2OutputFreq_Value=240000000
RCC.VCO3OutputFreq_Value=96750000
RCC.VCOInput1Freq_Value=8000000
RCC.VCOInput2Freq_Value=12000000
RCC.VCOInput3Freq_Value=750000
RCC.WatchDogFreq_Value=32000
SH.ADCx_INP19.0=ADC1_INP19,IN19-Single-Ended
SH.ADCx_INP19.ConfNb=1
SH.ADCx_INP4.0=ADC1_INP4,IN4-Single-Ended
SH.ADCx_INP4.ConfNb=1
SH.GPXTI10.0=GPIO_EXTI10
SH.GPXTI10.ConfNb=1
SH.GPXTI12.0=GPIO_EXTI12
SH.GPXTI12.ConfNb=1
SH.S_TIM12_CH2.0=TIM12_CH2,PWM Generation2 CH2
SH.S_TIM12_CH2.ConfNb=1
SH.S_TIM1_CH1.0=TIM1_CH1,PWM Generation1 CH1
SH.S_TIM1_CH1.ConfNb=1
SH.S_TIM1_CH3.0=TIM1_CH3,PWM Generation3 CH3
SH.S_TIM1_CH3.ConfNb=1
SH.S_TIM2_CH1_ETR.0=TIM2_CH1,PWM Generation1 CH1
SH.S_TIM2_CH1_ETR.ConfNb=1
SH.S_TIM2_CH3.0=TIM2_CH3,PWM Generation3 CH3
SH.S_TIM2_CH3.ConfNb=1
SH.S_TIM3_CH4.0=TIM3_CH4,PWM Generation4 CH4
SH.S_TIM3_CH4.ConfNb=1
SPI2.BaudRatePrescaler=SPI_BAUDRATEPRESCALER_32
SPI2.CLKPhase=SPI_PHASE_2EDGE
SPI2.CLKPolarity=SPI_POLARITY_HIGH
SPI2.CalculateBaudRate=5.729166 MBits/s
SPI2.DataSize=SPI_DATASIZE_8BIT
SPI2.Direction=SPI_DIRECTION_2LINES
SPI2.IPParameters=VirtualType,Mode,Direction,CalculateBaudRate,DataSize,BaudRatePrescaler,CLKPolarity,CLKPhase
SPI2.Mode=SPI_MODE_MASTER
SPI2.VirtualType=VM_MASTER
SPI6.BaudRatePrescaler=SPI_BAUDRATEPRESCALER_4
SPI6.CLKPhase=SPI_PHASE_2EDGE
SPI6.CLKPolarity=SPI_POLARITY_LOW
SPI6.CalculateBaudRate=6.0 MBits/s
SPI6.DataSize=SPI_DATASIZE_8BIT
SPI6.Direction=SPI_DIRECTION_2LINES_TXONLY
SPI6.IPParameters=VirtualType,Mode,Direction,DataSize,CLKPhase,CLKPolarity,CalculateBaudRate,BaudRatePrescaler
SPI6.Mode=SPI_MODE_MASTER
SPI6.VirtualType=VM_MASTER
TIM1.Channel-PWM\ Generation1\ CH1=TIM_CHANNEL_1
TIM1.Channel-PWM\ Generation3\ CH3=TIM_CHANNEL_3
TIM1.IPParameters=Channel-PWM Generation3 CH3,Channel-PWM Generation1 CH1,Period,Pulse-PWM Generation1 CH1,Pulse-PWM Generation3 CH3,Prescaler
TIM1.Period=10000
TIM1.Prescaler=24
TIM1.Pulse-PWM\ Generation1\ CH1=5000
TIM1.Pulse-PWM\ Generation3\ CH3=5000
TIM12.Channel-PWM\ Generation2\ CH2=TIM_CHANNEL_2
TIM12.IPParameters=Channel-PWM Generation2 CH2,Prescaler,Period
TIM12.Period=2000-1
TIM12.Prescaler=24-1
TIM2.Channel-PWM\ Generation1\ CH1=TIM_CHANNEL_1
TIM2.Channel-PWM\ Generation3\ CH3=TIM_CHANNEL_3
TIM2.IPParameters=Channel-PWM Generation1 CH1,Channel-PWM Generation3 CH3,Period,Pulse-PWM Generation1 CH1,Pulse-PWM Generation3 CH3,Prescaler
TIM2.Period=10000
TIM2.Prescaler=24
TIM2.Pulse-PWM\ Generation1\ CH1=5000
TIM2.Pulse-PWM\ Generation3\ CH3=5000
TIM3.AutoReloadPreload=TIM_AUTORELOAD_PRELOAD_ENABLE
TIM3.Channel-PWM\ Generation4\ CH4=TIM_CHANNEL_4
TIM3.IPParameters=Channel-PWM Generation4 CH4,Prescaler,Period,AutoReloadPreload
TIM3.Period=10000-1
TIM3.Prescaler=24-1
TIM7.IPParameters=Prescaler,Period
TIM7.Period=9
TIM7.Prescaler=549
UART5.BaudRate=100000
UART5.DMADisableonRxErrorParam=UART_ADVFEATURE_DMA_ENABLEONRXERROR
UART5.IPParameters=BaudRate,WordLength,Parity,Mode,OverrunDisableParam,DMADisableonRxErrorParam
UART5.Mode=MODE_RX
UART5.OverrunDisableParam=UART_ADVFEATURE_OVERRUN_ENABLE
UART5.Parity=PARITY_EVEN
UART5.WordLength=WORDLENGTH_9B
USART3.IPParameters=VirtualMode-Asynchronous
USART3.VirtualMode-Asynchronous=VM_ASYNC
USB_OTG_HS.IPParameters=VirtualMode-Device_Only_FS
USB_OTG_HS.VirtualMode-Device_Only_FS=Device_Only_FS
VP_OCTOSPI2_VS_quad.Mode=quad_mode
VP_OCTOSPI2_VS_quad.Signal=OCTOSPI2_VS_quad
VP_SYS_VS_tim23.Mode=TIM23
VP_SYS_VS_tim23.Signal=SYS_VS_tim23
VP_TIM7_VS_ClockSourceINT.Mode=Enable_Timer
VP_TIM7_VS_ClockSourceINT.Signal=TIM7_VS_ClockSourceINT
board=custom
